
Microsoft Visual Studio Solution File, Format Version 12.00
# Visual Studio Version 17
VisualStudioVersion = 17.9.34607.119
MinimumVisualStudioVersion = 10.0.40219.1
Project("{FAE04EC0-301F-11D3-BF4B-00C04F79EFBC}") = "DIS", "DIS.csproj", "{2098A2A1-0320-4A66-B092-85E2F34A47F5}"
EndProject
Global
	GlobalSection(SolutionConfigurationPlatforms) = preSolution
		Debug|Any CPU = Debug|Any CPU
		Release|Any CPU = Release|Any CPU
	EndGlobalSection
	GlobalSection(ProjectConfigurationPlatforms) = postSolution
		{2098A2A1-0320-4A66-B092-85E2F34A47F5}.Debug|Any CPU.ActiveCfg = Debug|Any CPU
		{2098A2A1-0320-4A66-B092-85E2F34A47F5}.Debug|Any CPU.Build.0 = Debug|Any CPU
		{2098A2A1-0320-4A66-B092-85E2F34A47F5}.Release|Any CPU.ActiveCfg = Release|Any CPU
		{2098A2A1-0320-4A66-B092-85E2F34A47F5}.Release|Any CPU.Build.0 = Release|Any CPU
	EndGlobalSection
	GlobalSection(SolutionProperties) = preSolution
		HideSolutionNode = FALSE
	EndGlobalSection
	GlobalSection(ExtensibilityGlobals) = postSolution
		SolutionGuid = {298A6C41-9263-43F5-9363-BD67385CB176}
	EndGlobalSection
EndGlobal
