
Microsoft Visual Studio Solution File, Format Version 12.00
# Visual Studio Version 17
VisualStudioVersion = 17.9.34607.119
MinimumVisualStudioVersion = 10.0.40219.1
Project("{FAE04EC0-301F-11D3-BF4B-00C04F79EFBC}") = "WEEK 4", "WEEK 4.csproj", "{66D2B00D-CEF4-451B-91A4-260CB7052CC5}"
EndProject
Global
	GlobalSection(SolutionConfigurationPlatforms) = preSolution
		Debug|Any CPU = Debug|Any CPU
		Release|Any CPU = Release|Any CPU
	EndGlobalSection
	GlobalSection(ProjectConfigurationPlatforms) = postSolution
		{66D2B00D-CEF4-451B-91A4-260CB7052CC5}.Debug|Any CPU.ActiveCfg = Debug|Any CPU
		{66D2B00D-CEF4-451B-91A4-260CB7052CC5}.Debug|Any CPU.Build.0 = Debug|Any CPU
		{66D2B00D-CEF4-451B-91A4-260CB7052CC5}.Release|Any CPU.ActiveCfg = Release|Any CPU
		{66D2B00D-CEF4-451B-91A4-260CB7052CC5}.Release|Any CPU.Build.0 = Release|Any CPU
	EndGlobalSection
	GlobalSection(SolutionProperties) = preSolution
		HideSolutionNode = FALSE
	EndGlobalSection
	GlobalSection(ExtensibilityGlobals) = postSolution
		SolutionGuid = {DC00297A-C295-4B08-9D9C-31999B686D3A}
	EndGlobalSection
EndGlobal
